// !$*UTF8*$!
{
	archiveVersion = 1;
	classes = {
	};
	objectVersion = 46;
	objects = {

/* Begin PBXBuildFile section */
		F21234541EF224130044918A /* main.m in Sources */ = {isa = PBXBuildFile; fileRef = F21234531EF224130044918A /* main.m */; };
		F21234571EF224130044918A /* AppDelegate.m in Sources */ = {isa = PBXBuildFile; fileRef = F21234561EF224130044918A /* AppDelegate.m */; };
		F212345A1EF224130044918A /* ViewController.m in Sources */ = {isa = PBXBuildFile; fileRef = F21234591EF224130044918A /* ViewController.m */; };
		F212345D1EF224130044918A /* Main.storyboard in Resources */ = {isa = PBXBuildFile; fileRef = F212345B1EF224130044918A /* Main.storyboard */; };
		F21234601EF224130044918A /* QJWeixinLogin.xcdatamodeld in Sources */ = {isa = PBXBuildFile; fileRef = F212345E1EF224130044918A /* QJWeixinLogin.xcdatamodeld */; };
		F21234621EF224130044918A /* Assets.xcassets in Resources */ = {isa = PBXBuildFile; fileRef = F21234611EF224130044918A /* Assets.xcassets */; };
		F21234651EF224130044918A /* LaunchScreen.storyboard in Resources */ = {isa = PBXBuildFile; fileRef = F21234631EF224130044918A /* LaunchScreen.storyboard */; };
		F21234701EF224130044918A /* QJWeixinLoginTests.m in Sources */ = {isa = PBXBuildFile; fileRef = F212346F1EF224130044918A /* QJWeixinLoginTests.m */; };
		F212347B1EF224130044918A /* QJWeixinLoginUITests.m in Sources */ = {isa = PBXBuildFile; fileRef = F212347A1EF224130044918A /* QJWeixinLoginUITests.m */; };
		F21234B41EF224AB0044918A /* libSocialDouban.a in Frameworks */ = {isa = PBXBuildFile; fileRef = F212348B1EF224AB0044918A /* libSocialDouban.a */; };
		F21234B51EF224AB0044918A /* libSocialQQ.a in Frameworks */ = {isa = PBXBuildFile; fileRef = F212348E1EF224AB0044918A /* libSocialQQ.a */; };
		F21234B61EF224AB0044918A /* TencentOpenAPI.framework in Frameworks */ = {isa = PBXBuildFile; fileRef = F212348F1EF224AB0044918A /* TencentOpenAPI.framework */; };
		F21234B71EF224AB0044918A /* TencentOpenApi_IOS_Bundle.bundle in Resources */ = {isa = PBXBuildFile; fileRef = F21234901EF224AB0044918A /* TencentOpenApi_IOS_Bundle.bundle */; };
		F21234B81EF224AB0044918A /* libSocialRenren.a in Frameworks */ = {isa = PBXBuildFile; fileRef = F21234931EF224AB0044918A /* libSocialRenren.a */; };
		F21234B91EF224AB0044918A /* libSocialSina.a in Frameworks */ = {isa = PBXBuildFile; fileRef = F21234961EF224AB0044918A /* libSocialSina.a */; };
		F21234BA1EF224AB0044918A /* libWeiboSDK.a in Frameworks */ = {isa = PBXBuildFile; fileRef = F21234971EF224AB0044918A /* libWeiboSDK.a */; };
		F21234BB1EF224AB0044918A /* WeiboSDK.bundle in Resources */ = {isa = PBXBuildFile; fileRef = F21234A21EF224AB0044918A /* WeiboSDK.bundle */; };
		F21234BC1EF224AB0044918A /* libSocialWeChat.a in Frameworks */ = {isa = PBXBuildFile; fileRef = F21234A61EF224AB0044918A /* libSocialWeChat.a */; };
		F21234BD1EF224AB0044918A /* libWeChatSDK 13-55-08-441.a in Frameworks */ = {isa = PBXBuildFile; fileRef = F21234A71EF224AB0044918A /* libWeChatSDK 13-55-08-441.a */; };
		F21234BE1EF224AB0044918A /* read_me.txt in Resources */ = {isa = PBXBuildFile; fileRef = F21234A81EF224AB0044918A /* read_me.txt */; };
		F21234BF1EF224AB0044918A /* README.txt in Resources */ = {isa = PBXBuildFile; fileRef = F21234A91EF224AB0044918A /* README.txt */; };
		F21234C01EF224AB0044918A /* UMSocialCore.framework in Frameworks */ = {isa = PBXBuildFile; fileRef = F21234AF1EF224AB0044918A /* UMSocialCore.framework */; };
		F21234C11EF224AB0044918A /* UMSocialNetwork.framework in Frameworks */ = {isa = PBXBuildFile; fileRef = F21234B01EF224AB0044918A /* UMSocialNetwork.framework */; };
		F21234C21EF224AB0044918A /* UMSocialSDKResources.bundle in Resources */ = {isa = PBXBuildFile; fileRef = F21234B21EF224AB0044918A /* UMSocialSDKResources.bundle */; };
		F21234C31EF224AB0044918A /* UShareUI.framework in Frameworks */ = {isa = PBXBuildFile; fileRef = F21234B31EF224AB0044918A /* UShareUI.framework */; };
		F21234CA1EF2291B0044918A /* SystemConfiguration.framework in Frameworks */ = {isa = PBXBuildFile; fileRef = F21234C91EF2291B0044918A /* SystemConfiguration.framework */; };
		F21234CC1EF229330044918A /* libz.tbd in Frameworks */ = {isa = PBXBuildFile; fileRef = F21234CB1EF229330044918A /* libz.tbd */; };
		F21234CE1EF2293D0044918A /* libsqlite3.0.tbd in Frameworks */ = {isa = PBXBuildFile; fileRef = F21234CD1EF2293D0044918A /* libsqlite3.0.tbd */; };
		F21234D01EF2294C0044918A /* libc++.tbd in Frameworks */ = {isa = PBXBuildFile; fileRef = F21234CF1EF2294C0044918A /* libc++.tbd */; };
		F21234D21EF229580044918A /* Security.framework in Frameworks */ = {isa = PBXBuildFile; fileRef = F21234D11EF229580044918A /* Security.framework */; };
		F21234D41EF229620044918A /* CoreTelephony.framework in Frameworks */ = {isa = PBXBuildFile; fileRef = F21234D31EF229620044918A /* CoreTelephony.framework */; };
		F21234D61EF2296C0044918A /* CFNetwork.framework in Frameworks */ = {isa = PBXBuildFile; fileRef = F21234D51EF2296C0044918A /* CFNetwork.framework */; };
		F21234DD1EF22F930044918A /* ThirdPartyLoginTools.m in Sources */ = {isa = PBXBuildFile; fileRef = F21234DB1EF22F930044918A /* ThirdPartyLoginTools.m */; };
		F21234E11EF259000044918A /* CoreGraphics.framework in Frameworks */ = {isa = PBXBuildFile; fileRef = F21234E01EF259000044918A /* CoreGraphics.framework */; };
		F21234E31EF259140044918A /* libsqlite3.tbd in Frameworks */ = {isa = PBXBuildFile; fileRef = F21234E21EF259140044918A /* libsqlite3.tbd */; };
		F21234E51EF259300044918A /* ImageIO.framework in Frameworks */ = {isa = PBXBuildFile; fileRef = F21234E41EF259300044918A /* ImageIO.framework */; };
/* End PBXBuildFile section */

/* Begin PBXContainerItemProxy section */
		F212346C1EF224130044918A /* PBXContainerItemProxy */ = {
			isa = PBXContainerItemProxy;
			containerPortal = F21234471EF224130044918A /* Project object */;
			proxyType = 1;
			remoteGlobalIDString = F212344E1EF224130044918A;
			remoteInfo = QJWeixinLogin;
		};
		F21234771EF224130044918A /* PBXContainerItemProxy */ = {
			isa = PBXContainerItemProxy;
			containerPortal = F21234471EF224130044918A /* Project object */;
			proxyType = 1;
			remoteGlobalIDString = F212344E1EF224130044918A;
			remoteInfo = QJWeixinLogin;
		};
/* End PBXContainerItemProxy section */

/* Begin PBXFileReference section */
		F212344F1EF224130044918A /* QJWeixinLogin.app */ = {isa = PBXFileReference; explicitFileType = wrapper.application; includeInIndex = 0; path = QJWeixinLogin.app; sourceTree = BUILT_PRODUCTS_DIR; };
		F21234531EF224130044918A /* main.m */ = {isa = PBXFileReference; lastKnownFileType = sourcecode.c.objc; path = main.m; sourceTree = "<group>"; };
		F21234551EF224130044918A /* AppDelegate.h */ = {isa = PBXFileReference; lastKnownFileType = sourcecode.c.h; path = AppDelegate.h; sourceTree = "<group>"; };
		F21234561EF224130044918A /* AppDelegate.m */ = {isa = PBXFileReference; lastKnownFileType = sourcecode.c.objc; path = AppDelegate.m; sourceTree = "<group>"; };
		F21234581EF224130044918A /* ViewController.h */ = {isa = PBXFileReference; lastKnownFileType = sourcecode.c.h; path = ViewController.h; sourceTree = "<group>"; };
		F21234591EF224130044918A /* ViewController.m */ = {isa = PBXFileReference; lastKnownFileType = sourcecode.c.objc; path = ViewController.m; sourceTree = "<group>"; };
		F212345C1EF224130044918A /* Base */ = {isa = PBXFileReference; lastKnownFileType = file.storyboard; name = Base; path = Base.lproj/Main.storyboard; sourceTree = "<group>"; };
		F212345F1EF224130044918A /* QJWeixinLogin.xcdatamodel */ = {isa = PBXFileReference; lastKnownFileType = wrapper.xcdatamodel; path = QJWeixinLogin.xcdatamodel; sourceTree = "<group>"; };
		F21234611EF224130044918A /* Assets.xcassets */ = {isa = PBXFileReference; lastKnownFileType = folder.assetcatalog; path = Assets.xcassets; sourceTree = "<group>"; };
		F21234641EF224130044918A /* Base */ = {isa = PBXFileReference; lastKnownFileType = file.storyboard; name = Base; path = Base.lproj/LaunchScreen.storyboard; sourceTree = "<group>"; };
		F21234661EF224130044918A /* Info.plist */ = {isa = PBXFileReference; lastKnownFileType = text.plist.xml; path = Info.plist; sourceTree = "<group>"; };
		F212346B1EF224130044918A /* QJWeixinLoginTests.xctest */ = {isa = PBXFileReference; explicitFileType = wrapper.cfbundle; includeInIndex = 0; path = QJWeixinLoginTests.xctest; sourceTree = BUILT_PRODUCTS_DIR; };
		F212346F1EF224130044918A /* QJWeixinLoginTests.m */ = {isa = PBXFileReference; lastKnownFileType = sourcecode.c.objc; path = QJWeixinLoginTests.m; sourceTree = "<group>"; };
		F21234711EF224130044918A /* Info.plist */ = {isa = PBXFileReference; lastKnownFileType = text.plist.xml; path = Info.plist; sourceTree = "<group>"; };
		F21234761EF224130044918A /* QJWeixinLoginUITests.xctest */ = {isa = PBXFileReference; explicitFileType = wrapper.cfbundle; includeInIndex = 0; path = QJWeixinLoginUITests.xctest; sourceTree = BUILT_PRODUCTS_DIR; };
		F212347A1EF224130044918A /* QJWeixinLoginUITests.m */ = {isa = PBXFileReference; lastKnownFileType = sourcecode.c.objc; path = QJWeixinLoginUITests.m; sourceTree = "<group>"; };
		F212347C1EF224130044918A /* Info.plist */ = {isa = PBXFileReference; lastKnownFileType = text.plist.xml; path = Info.plist; sourceTree = "<group>"; };
		F212348B1EF224AB0044918A /* libSocialDouban.a */ = {isa = PBXFileReference; lastKnownFileType = archive.ar; path = libSocialDouban.a; sourceTree = "<group>"; };
		F212348C1EF224AB0044918A /* UMSocialDoubanHandler.h */ = {isa = PBXFileReference; fileEncoding = 4; lastKnownFileType = sourcecode.c.h; path = UMSocialDoubanHandler.h; sourceTree = "<group>"; };
		F212348E1EF224AB0044918A /* libSocialQQ.a */ = {isa = PBXFileReference; lastKnownFileType = archive.ar; path = libSocialQQ.a; sourceTree = "<group>"; };
		F212348F1EF224AB0044918A /* TencentOpenAPI.framework */ = {isa = PBXFileReference; lastKnownFileType = wrapper.framework; path = TencentOpenAPI.framework; sourceTree = "<group>"; };
		F21234901EF224AB0044918A /* TencentOpenApi_IOS_Bundle.bundle */ = {isa = PBXFileReference; lastKnownFileType = "wrapper.plug-in"; path = TencentOpenApi_IOS_Bundle.bundle; sourceTree = "<group>"; };
		F21234911EF224AB0044918A /* UMSocialQQHandler.h */ = {isa = PBXFileReference; fileEncoding = 4; lastKnownFileType = sourcecode.c.h; path = UMSocialQQHandler.h; sourceTree = "<group>"; };
		F21234931EF224AB0044918A /* libSocialRenren.a */ = {isa = PBXFileReference; lastKnownFileType = archive.ar; path = libSocialRenren.a; sourceTree = "<group>"; };
		F21234941EF224AB0044918A /* UMSocialRenrenHandler.h */ = {isa = PBXFileReference; fileEncoding = 4; lastKnownFileType = sourcecode.c.h; path = UMSocialRenrenHandler.h; sourceTree = "<group>"; };
		F21234961EF224AB0044918A /* libSocialSina.a */ = {isa = PBXFileReference; lastKnownFileType = archive.ar; path = libSocialSina.a; sourceTree = "<group>"; };
		F21234971EF224AB0044918A /* libWeiboSDK.a */ = {isa = PBXFileReference; lastKnownFileType = archive.ar; path = libWeiboSDK.a; sourceTree = "<group>"; };
		F21234981EF224AB0044918A /* UMSocialSinaHandler.h */ = {isa = PBXFileReference; fileEncoding = 4; lastKnownFileType = sourcecode.c.h; path = UMSocialSinaHandler.h; sourceTree = "<group>"; };
		F21234991EF224AB0044918A /* WBHttpRequest+WeiboGame.h */ = {isa = PBXFileReference; fileEncoding = 4; lastKnownFileType = sourcecode.c.h; path = "WBHttpRequest+WeiboGame.h"; sourceTree = "<group>"; };
		F212349A1EF224AB0044918A /* WBHttpRequest+WeiboShare.h */ = {isa = PBXFileReference; fileEncoding = 4; lastKnownFileType = sourcecode.c.h; path = "WBHttpRequest+WeiboShare.h"; sourceTree = "<group>"; };
		F212349B1EF224AB0044918A /* WBHttpRequest+WeiboToken.h */ = {isa = PBXFileReference; fileEncoding = 4; lastKnownFileType = sourcecode.c.h; path = "WBHttpRequest+WeiboToken.h"; sourceTree = "<group>"; };
		F212349C1EF224AB0044918A /* WBHttpRequest+WeiboUser.h */ = {isa = PBXFileReference; fileEncoding = 4; lastKnownFileType = sourcecode.c.h; path = "WBHttpRequest+WeiboUser.h"; sourceTree = "<group>"; };
		F212349D1EF224AB0044918A /* WBHttpRequest.h */ = {isa = PBXFileReference; fileEncoding = 4; lastKnownFileType = sourcecode.c.h; path = WBHttpRequest.h; sourceTree = "<group>"; };
		F212349E1EF224AB0044918A /* WBSDKBasicButton.h */ = {isa = PBXFileReference; fileEncoding = 4; lastKnownFileType = sourcecode.c.h; path = WBSDKBasicButton.h; sourceTree = "<group>"; };
		F212349F1EF224AB0044918A /* WBSDKCommentButton.h */ = {isa = PBXFileReference; fileEncoding = 4; lastKnownFileType = sourcecode.c.h; path = WBSDKCommentButton.h; sourceTree = "<group>"; };
		F21234A01EF224AB0044918A /* WBSDKRelationshipButton.h */ = {isa = PBXFileReference; fileEncoding = 4; lastKnownFileType = sourcecode.c.h; path = WBSDKRelationshipButton.h; sourceTree = "<group>"; };
		F21234A11EF224AB0044918A /* WeiboSDK+Statistics.h */ = {isa = PBXFileReference; fileEncoding = 4; lastKnownFileType = sourcecode.c.h; path = "WeiboSDK+Statistics.h"; sourceTree = "<group>"; };
		F21234A21EF224AB0044918A /* WeiboSDK.bundle */ = {isa = PBXFileReference; lastKnownFileType = "wrapper.plug-in"; path = WeiboSDK.bundle; sourceTree = "<group>"; };
		F21234A31EF224AB0044918A /* WeiboSDK.h */ = {isa = PBXFileReference; fileEncoding = 4; lastKnownFileType = sourcecode.c.h; path = WeiboSDK.h; sourceTree = "<group>"; };
		F21234A41EF224AB0044918A /* WeiboUser.h */ = {isa = PBXFileReference; fileEncoding = 4; lastKnownFileType = sourcecode.c.h; path = WeiboUser.h; sourceTree = "<group>"; };
		F21234A61EF224AB0044918A /* libSocialWeChat.a */ = {isa = PBXFileReference; lastKnownFileType = archive.ar; path = libSocialWeChat.a; sourceTree = "<group>"; };
		F21234A71EF224AB0044918A /* libWeChatSDK 13-55-08-441.a */ = {isa = PBXFileReference; lastKnownFileType = archive.ar; path = "libWeChatSDK 13-55-08-441.a"; sourceTree = "<group>"; };
		F21234A81EF224AB0044918A /* read_me.txt */ = {isa = PBXFileReference; fileEncoding = 4; lastKnownFileType = text; path = read_me.txt; sourceTree = "<group>"; };
		F21234A91EF224AB0044918A /* README.txt */ = {isa = PBXFileReference; fileEncoding = 4; lastKnownFileType = text; path = README.txt; sourceTree = "<group>"; };
		F21234AA1EF224AB0044918A /* UMSocialWechatHandler.h */ = {isa = PBXFileReference; fileEncoding = 4; lastKnownFileType = sourcecode.c.h; path = UMSocialWechatHandler.h; sourceTree = "<group>"; };
		F21234AB1EF224AB0044918A /* WechatAuthSDK.h */ = {isa = PBXFileReference; fileEncoding = 4; lastKnownFileType = sourcecode.c.h; path = WechatAuthSDK.h; sourceTree = "<group>"; };
		F21234AC1EF224AB0044918A /* WXApi.h */ = {isa = PBXFileReference; fileEncoding = 4; lastKnownFileType = sourcecode.c.h; path = WXApi.h; sourceTree = "<group>"; };
		F21234AD1EF224AB0044918A /* WXApiObject.h */ = {isa = PBXFileReference; fileEncoding = 4; lastKnownFileType = sourcecode.c.h; path = WXApiObject.h; sourceTree = "<group>"; };
		F21234AF1EF224AB0044918A /* UMSocialCore.framework */ = {isa = PBXFileReference; lastKnownFileType = wrapper.framework; path = UMSocialCore.framework; sourceTree = "<group>"; };
		F21234B01EF224AB0044918A /* UMSocialNetwork.framework */ = {isa = PBXFileReference; lastKnownFileType = wrapper.framework; path = UMSocialNetwork.framework; sourceTree = "<group>"; };
		F21234B21EF224AB0044918A /* UMSocialSDKResources.bundle */ = {isa = PBXFileReference; lastKnownFileType = "wrapper.plug-in"; path = UMSocialSDKResources.bundle; sourceTree = "<group>"; };
		F21234B31EF224AB0044918A /* UShareUI.framework */ = {isa = PBXFileReference; lastKnownFileType = wrapper.framework; path = UShareUI.framework; sourceTree = "<group>"; };
		F21234C91EF2291B0044918A /* SystemConfiguration.framework */ = {isa = PBXFileReference; lastKnownFileType = wrapper.framework; name = SystemConfiguration.framework; path = System/Library/Frameworks/SystemConfiguration.framework; sourceTree = SDKROOT; };
		F21234CB1EF229330044918A /* libz.tbd */ = {isa = PBXFileReference; lastKnownFileType = "sourcecode.text-based-dylib-definition"; name = libz.tbd; path = usr/lib/libz.tbd; sourceTree = SDKROOT; };
		F21234CD1EF2293D0044918A /* libsqlite3.0.tbd */ = {isa = PBXFileReference; lastKnownFileType = "sourcecode.text-based-dylib-definition"; name = libsqlite3.0.tbd; path = usr/lib/libsqlite3.0.tbd; sourceTree = SDKROOT; };
		F21234CF1EF2294C0044918A /* libc++.tbd */ = {isa = PBXFileReference; lastKnownFileType = "sourcecode.text-based-dylib-definition"; name = "libc++.tbd"; path = "usr/lib/libc++.tbd"; sourceTree = SDKROOT; };
		F21234D11EF229580044918A /* Security.framework */ = {isa = PBXFileReference; lastKnownFileType = wrapper.framework; name = Security.framework; path = System/Library/Frameworks/Security.framework; sourceTree = SDKROOT; };
		F21234D31EF229620044918A /* CoreTelephony.framework */ = {isa = PBXFileReference; lastKnownFileType = wrapper.framework; name = CoreTelephony.framework; path = System/Library/Frameworks/CoreTelephony.framework; sourceTree = SDKROOT; };
		F21234D51EF2296C0044918A /* CFNetwork.framework */ = {isa = PBXFileReference; lastKnownFileType = wrapper.framework; name = CFNetwork.framework; path = System/Library/Frameworks/CFNetwork.framework; sourceTree = SDKROOT; };
		F21234DB1EF22F930044918A /* ThirdPartyLoginTools.m */ = {isa = PBXFileReference; fileEncoding = 4; lastKnownFileType = sourcecode.c.objc; name = ThirdPartyLoginTools.m; path = ../ThirdPartyLoginTools.m; sourceTree = "<group>"; };
		F21234DC1EF22F930044918A /* ThirdPartyLoginTools.h */ = {isa = PBXFileReference; fileEncoding = 4; lastKnownFileType = sourcecode.c.h; name = ThirdPartyLoginTools.h; path = ../ThirdPartyLoginTools.h; sourceTree = "<group>"; };
		F21234DF1EF2320D0044918A /* CommentHeader.h */ = {isa = PBXFileReference; fileEncoding = 4; lastKnownFileType = sourcecode.c.h; path = CommentHeader.h; sourceTree = "<group>"; };
		F21234E01EF259000044918A /* CoreGraphics.framework */ = {isa = PBXFileReference; lastKnownFileType = wrapper.framework; name = CoreGraphics.framework; path = System/Library/Frameworks/CoreGraphics.framework; sourceTree = SDKROOT; };
		F21234E21EF259140044918A /* libsqlite3.tbd */ = {isa = PBXFileReference; lastKnownFileType = "sourcecode.text-based-dylib-definition"; name = libsqlite3.tbd; path = usr/lib/libsqlite3.tbd; sourceTree = SDKROOT; };
		F21234E41EF259300044918A /* ImageIO.framework */ = {isa = PBXFileReference; lastKnownFileType = wrapper.framework; name = ImageIO.framework; path = System/Library/Frameworks/ImageIO.framework; sourceTree = SDKROOT; };
/* End PBXFileReference section */

/* Begin PBXFrameworksBuildPhase section */
		F212344C1EF224130044918A /* Frameworks */ = {
			isa = PBXFrameworksBuildPhase;
			buildActionMask = 2147483647;
			files = (
				F21234E51EF259300044918A /* ImageIO.framework in Frameworks */,
				F21234E31EF259140044918A /* libsqlite3.tbd in Frameworks */,
				F21234E11EF259000044918A /* CoreGraphics.framework in Frameworks */,
				F21234D61EF2296C0044918A /* CFNetwork.framework in Frameworks */,
				F21234D41EF229620044918A /* CoreTelephony.framework in Frameworks */,
				F21234D21EF229580044918A /* Security.framework in Frameworks */,
				F21234D01EF2294C0044918A /* libc++.tbd in Frameworks */,
				F21234CE1EF2293D0044918A /* libsqlite3.0.tbd in Frameworks */,
				F21234CC1EF229330044918A /* libz.tbd in Frameworks */,
				F21234CA1EF2291B0044918A /* SystemConfiguration.framework in Frameworks */,
				F21234B81EF224AB0044918A /* libSocialRenren.a in Frameworks */,
				F21234BA1EF224AB0044918A /* libWeiboSDK.a in Frameworks */,
				F21234C11EF224AB0044918A /* UMSocialNetwork.framework in Frameworks */,
				F21234C31EF224AB0044918A /* UShareUI.framework in Frameworks */,
				F21234B51EF224AB0044918A /* libSocialQQ.a in Frameworks */,
				F21234BC1EF224AB0044918A /* libSocialWeChat.a in Frameworks */,
				F21234B91EF224AB0044918A /* libSocialSina.a in Frameworks */,
				F21234BD1EF224AB0044918A /* libWeChatSDK 13-55-08-441.a in Frameworks */,
				F21234B61EF224AB0044918A /* TencentOpenAPI.framework in Frameworks */,
				F21234C01EF224AB0044918A /* UMSocialCore.framework in Frameworks */,
				F21234B41EF224AB0044918A /* libSocialDouban.a in Frameworks */,
			);
			runOnlyForDeploymentPostprocessing = 0;
		};
		F21234681EF224130044918A /* Frameworks */ = {
			isa = PBXFrameworksBuildPhase;
			buildActionMask = 2147483647;
			files = (
			);
			runOnlyForDeploymentPostprocessing = 0;
		};
		F21234731EF224130044918A /* Frameworks */ = {
			isa = PBXFrameworksBuildPhase;
			buildActionMask = 2147483647;
			files = (
			);
			runOnlyForDeploymentPostprocessing = 0;
		};
/* End PBXFrameworksBuildPhase section */

/* Begin PBXGroup section */
		F21234461EF224130044918A = {
			isa = PBXGroup;
			children = (
				F21234511EF224130044918A /* QJWeixinLogin */,
				F212346E1EF224130044918A /* QJWeixinLoginTests */,
				F21234791EF224130044918A /* QJWeixinLoginUITests */,
				F21234501EF224130044918A /* Products */,
				F21234C81EF2291B0044918A /* Frameworks */,
			);
			sourceTree = "<group>";
		};
		F21234501EF224130044918A /* Products */ = {
			isa = PBXGroup;
			children = (
				F212344F1EF224130044918A /* QJWeixinLogin.app */,
				F212346B1EF224130044918A /* QJWeixinLoginTests.xctest */,
				F21234761EF224130044918A /* QJWeixinLoginUITests.xctest */,
			);
			name = Products;
			sourceTree = "<group>";
		};
		F21234511EF224130044918A /* QJWeixinLogin */ = {
			isa = PBXGroup;
			children = (
				F21234DE1EF22F9E0044918A /* ThirdPartyLoginTools */,
				F21234551EF224130044918A /* AppDelegate.h */,
				F21234561EF224130044918A /* AppDelegate.m */,
				F21234581EF224130044918A /* ViewController.h */,
				F21234591EF224130044918A /* ViewController.m */,
				F212345B1EF224130044918A /* Main.storyboard */,
				F21234611EF224130044918A /* Assets.xcassets */,
				F21234631EF224130044918A /* LaunchScreen.storyboard */,
				F21234661EF224130044918A /* Info.plist */,
				F212345E1EF224130044918A /* QJWeixinLogin.xcdatamodeld */,
				F21234521EF224130044918A /* Supporting Files */,
			);
			path = QJWeixinLogin;
			sourceTree = "<group>";
		};
		F21234521EF224130044918A /* Supporting Files */ = {
			isa = PBXGroup;
			children = (
				F21234881EF224AB0044918A /* UMSocial */,
				F21234531EF224130044918A /* main.m */,
			);
			name = "Supporting Files";
			sourceTree = "<group>";
		};
		F212346E1EF224130044918A /* QJWeixinLoginTests */ = {
			isa = PBXGroup;
			children = (
				F212346F1EF224130044918A /* QJWeixinLoginTests.m */,
				F21234711EF224130044918A /* Info.plist */,
			);
			path = QJWeixinLoginTests;
			sourceTree = "<group>";
		};
		F21234791EF224130044918A /* QJWeixinLoginUITests */ = {
			isa = PBXGroup;
			children = (
				F212347A1EF224130044918A /* QJWeixinLoginUITests.m */,
				F212347C1EF224130044918A /* Info.plist */,
			);
			path = QJWeixinLoginUITests;
			sourceTree = "<group>";
		};
		F21234881EF224AB0044918A /* UMSocial */ = {
			isa = PBXGroup;
			children = (
				F21234891EF224AB0044918A /* SocialLibraries */,
				F21234AE1EF224AB0044918A /* UMSocialSDK */,
				F21234B11EF224AB0044918A /* UMSocialUI */,
			);
			path = UMSocial;
			sourceTree = "<group>";
		};
		F21234891EF224AB0044918A /* SocialLibraries */ = {
			isa = PBXGroup;
			children = (
				F212348A1EF224AB0044918A /* Douban */,
				F212348D1EF224AB0044918A /* QQ */,
				F21234921EF224AB0044918A /* Renren */,
				F21234951EF224AB0044918A /* Sina */,
				F21234A51EF224AB0044918A /* WeChat */,
			);
			path = SocialLibraries;
			sourceTree = "<group>";
		};
		F212348A1EF224AB0044918A /* Douban */ = {
			isa = PBXGroup;
			children = (
				F212348B1EF224AB0044918A /* libSocialDouban.a */,
				F212348C1EF224AB0044918A /* UMSocialDoubanHandler.h */,
			);
			path = Douban;
			sourceTree = "<group>";
		};
		F212348D1EF224AB0044918A /* QQ */ = {
			isa = PBXGroup;
			children = (
				F212348E1EF224AB0044918A /* libSocialQQ.a */,
				F212348F1EF224AB0044918A /* TencentOpenAPI.framework */,
				F21234901EF224AB0044918A /* TencentOpenApi_IOS_Bundle.bundle */,
				F21234911EF224AB0044918A /* UMSocialQQHandler.h */,
			);
			path = QQ;
			sourceTree = "<group>";
		};
		F21234921EF224AB0044918A /* Renren */ = {
			isa = PBXGroup;
			children = (
				F21234931EF224AB0044918A /* libSocialRenren.a */,
				F21234941EF224AB0044918A /* UMSocialRenrenHandler.h */,
			);
			path = Renren;
			sourceTree = "<group>";
		};
		F21234951EF224AB0044918A /* Sina */ = {
			isa = PBXGroup;
			children = (
				F21234961EF224AB0044918A /* libSocialSina.a */,
				F21234971EF224AB0044918A /* libWeiboSDK.a */,
				F21234981EF224AB0044918A /* UMSocialSinaHandler.h */,
				F21234991EF224AB0044918A /* WBHttpRequest+WeiboGame.h */,
				F212349A1EF224AB0044918A /* WBHttpRequest+WeiboShare.h */,
				F212349B1EF224AB0044918A /* WBHttpRequest+WeiboToken.h */,
				F212349C1EF224AB0044918A /* WBHttpRequest+WeiboUser.h */,
				F212349D1EF224AB0044918A /* WBHttpRequest.h */,
				F212349E1EF224AB0044918A /* WBSDKBasicButton.h */,
				F212349F1EF224AB0044918A /* WBSDKCommentButton.h */,
				F21234A01EF224AB0044918A /* WBSDKRelationshipButton.h */,
				F21234A11EF224AB0044918A /* WeiboSDK+Statistics.h */,
				F21234A21EF224AB0044918A /* WeiboSDK.bundle */,
				F21234A31EF224AB0044918A /* WeiboSDK.h */,
				F21234A41EF224AB0044918A /* WeiboUser.h */,
			);
			path = Sina;
			sourceTree = "<group>";
		};
		F21234A51EF224AB0044918A /* WeChat */ = {
			isa = PBXGroup;
			children = (
				F21234A61EF224AB0044918A /* libSocialWeChat.a */,
				F21234A71EF224AB0044918A /* libWeChatSDK 13-55-08-441.a */,
				F21234A81EF224AB0044918A /* read_me.txt */,
				F21234A91EF224AB0044918A /* README.txt */,
				F21234AA1EF224AB0044918A /* UMSocialWechatHandler.h */,
				F21234AB1EF224AB0044918A /* WechatAuthSDK.h */,
				F21234AC1EF224AB0044918A /* WXApi.h */,
				F21234AD1EF224AB0044918A /* WXApiObject.h */,
			);
			path = WeChat;
			sourceTree = "<group>";
		};
		F21234AE1EF224AB0044918A /* UMSocialSDK */ = {
			isa = PBXGroup;
			children = (
				F21234AF1EF224AB0044918A /* UMSocialCore.framework */,
				F21234B01EF224AB0044918A /* UMSocialNetwork.framework */,
			);
			path = UMSocialSDK;
			sourceTree = "<group>";
		};
		F21234B11EF224AB0044918A /* UMSocialUI */ = {
			isa = PBXGroup;
			children = (
				F21234B21EF224AB0044918A /* UMSocialSDKResources.bundle */,
				F21234B31EF224AB0044918A /* UShareUI.framework */,
			);
			path = UMSocialUI;
			sourceTree = "<group>";
		};
		F21234C81EF2291B0044918A /* Frameworks */ = {
			isa = PBXGroup;
			children = (
				F21234E41EF259300044918A /* ImageIO.framework */,
				F21234E21EF259140044918A /* libsqlite3.tbd */,
				F21234E01EF259000044918A /* CoreGraphics.framework */,
				F21234D51EF2296C0044918A /* CFNetwork.framework */,
				F21234D31EF229620044918A /* CoreTelephony.framework */,
				F21234D11EF229580044918A /* Security.framework */,
				F21234CF1EF2294C0044918A /* libc++.tbd */,
				F21234CD1EF2293D0044918A /* libsqlite3.0.tbd */,
				F21234CB1EF229330044918A /* libz.tbd */,
				F21234C91EF2291B0044918A /* SystemConfiguration.framework */,
			);
			name = Frameworks;
			sourceTree = "<group>";
		};
		F21234DE1EF22F9E0044918A /* ThirdPartyLoginTools */ = {
			isa = PBXGroup;
			children = (
				F21234DF1EF2320D0044918A /* CommentHeader.h */,
				F21234DB1EF22F930044918A /* ThirdPartyLoginTools.m */,
				F21234DC1EF22F930044918A /* ThirdPartyLoginTools.h */,
			);
			name = ThirdPartyLoginTools;
			sourceTree = "<group>";
		};
/* End PBXGroup section */

/* Begin PBXNativeTarget section */
		F212344E1EF224130044918A /* QJWeixinLogin */ = {
			isa = PBXNativeTarget;
			buildConfigurationList = F212347F1EF224130044918A /* Build configuration list for PBXNativeTarget "QJWeixinLogin" */;
			buildPhases = (
				F212344B1EF224130044918A /* Sources */,
				F212344C1EF224130044918A /* Frameworks */,
				F212344D1EF224130044918A /* Resources */,
			);
			buildRules = (
			);
			dependencies = (
			);
			name = QJWeixinLogin;
			productName = QJWeixinLogin;
			productReference = F212344F1EF224130044918A /* QJWeixinLogin.app */;
			productType = "com.apple.product-type.application";
		};
		F212346A1EF224130044918A /* QJWeixinLoginTests */ = {
			isa = PBXNativeTarget;
			buildConfigurationList = F21234821EF224130044918A /* Build configuration list for PBXNativeTarget "QJWeixinLoginTests" */;
			buildPhases = (
				F21234671EF224130044918A /* Sources */,
				F21234681EF224130044918A /* Frameworks */,
				F21234691EF224130044918A /* Resources */,
			);
			buildRules = (
			);
			dependencies = (
				F212346D1EF224130044918A /* PBXTargetDependency */,
			);
			name = QJWeixinLoginTests;
			productName = QJWeixinLoginTests;
			productReference = F212346B1EF224130044918A /* QJWeixinLoginTests.xctest */;
			productType = "com.apple.product-type.bundle.unit-test";
		};
		F21234751EF224130044918A /* QJWeixinLoginUITests */ = {
			isa = PBXNativeTarget;
			buildConfigurationList = F21234851EF224130044918A /* Build configuration list for PBXNativeTarget "QJWeixinLoginUITests" */;
			buildPhases = (
				F21234721EF224130044918A /* Sources */,
				F21234731EF224130044918A /* Frameworks */,
				F21234741EF224130044918A /* Resources */,
			);
			buildRules = (
			);
			dependencies = (
				F21234781EF224130044918A /* PBXTargetDependency */,
			);
			name = QJWeixinLoginUITests;
			productName = QJWeixinLoginUITests;
			productReference = F21234761EF224130044918A /* QJWeixinLoginUITests.xctest */;
			productType = "com.apple.product-type.bundle.ui-testing";
		};
/* End PBXNativeTarget section */

/* Begin PBXProject section */
		F21234471EF224130044918A /* Project object */ = {
			isa = PBXProject;
			attributes = {
				LastUpgradeCheck = 0830;
				ORGANIZATIONNAME = yiniu;
				TargetAttributes = {
					F212344E1EF224130044918A = {
						CreatedOnToolsVersion = 8.3.2;
						DevelopmentTeam = G2CVDA5594;
						ProvisioningStyle = Manual;
					};
					F212346A1EF224130044918A = {
						CreatedOnToolsVersion = 8.3.2;
						DevelopmentTeam = 5XP7V8XFSX;
						ProvisioningStyle = Automatic;
						TestTargetID = F212344E1EF224130044918A;
					};
					F21234751EF224130044918A = {
						CreatedOnToolsVersion = 8.3.2;
						DevelopmentTeam = 5XP7V8XFSX;
						ProvisioningStyle = Automatic;
						TestTargetID = F212344E1EF224130044918A;
					};
				};
			};
			buildConfigurationList = F212344A1EF224130044918A /* Build configuration list for PBXProject "QJWeixinLogin" */;
			compatibilityVersion = "Xcode 3.2";
			developmentRegion = English;
			hasScannedForEncodings = 0;
			knownRegions = (
				en,
				Base,
			);
			mainGroup = F21234461EF224130044918A;
			productRefGroup = F21234501EF224130044918A /* Products */;
			projectDirPath = "";
			projectRoot = "";
			targets = (
				F212344E1EF224130044918A /* QJWeixinLogin */,
				F212346A1EF224130044918A /* QJWeixinLoginTests */,
				F21234751EF224130044918A /* QJWeixinLoginUITests */,
			);
		};
/* End PBXProject section */

/* Begin PBXResourcesBuildPhase section */
		F212344D1EF224130044918A /* Resources */ = {
			isa = PBXResourcesBuildPhase;
			buildActionMask = 2147483647;
			files = (
				F21234B71EF224AB0044918A /* TencentOpenApi_IOS_Bundle.bundle in Resources */,
				F21234651EF224130044918A /* LaunchScreen.storyboard in Resources */,
				F21234BB1EF224AB0044918A /* WeiboSDK.bundle in Resources */,
				F21234621EF224130044918A /* Assets.xcassets in Resources */,
				F21234BE1EF224AB0044918A /* read_me.txt in Resources */,
				F21234C21EF224AB0044918A /* UMSocialSDKResources.bundle in Resources */,
				F21234BF1EF224AB0044918A /* README.txt in Resources */,
				F212345D1EF224130044918A /* Main.storyboard in Resources */,
			);
			runOnlyForDeploymentPostprocessing = 0;
		};
		F21234691EF224130044918A /* Resources */ = {
			isa = PBXResourcesBuildPhase;
			buildActionMask = 2147483647;
			files = (
			);
			runOnlyForDeploymentPostprocessing = 0;
		};
		F21234741EF224130044918A /* Resources */ = {
			isa = PBXResourcesBuildPhase;
			buildActionMask = 2147483647;
			files = (
			);
			runOnlyForDeploymentPostprocessing = 0;
		};
/* End PBXResourcesBuildPhase section */

/* Begin PBXSourcesBuildPhase section */
		F212344B1EF224130044918A /* Sources */ = {
			isa = PBXSourcesBuildPhase;
			buildActionMask = 2147483647;
			files = (
				F212345A1EF224130044918A /* ViewController.m in Sources */,
				F21234571EF224130044918A /* AppDelegate.m in Sources */,
				F21234601EF224130044918A /* QJWeixinLogin.xcdatamodeld in Sources */,
				F21234DD1EF22F930044918A /* ThirdPartyLoginTools.m in Sources */,
				F21234541EF224130044918A /* main.m in Sources */,
			);
			runOnlyForDeploymentPostprocessing = 0;
		};
		F21234671EF224130044918A /* Sources */ = {
			isa = PBXSourcesBuildPhase;
			buildActionMask = 2147483647;
			files = (
				F21234701EF224130044918A /* QJWeixinLoginTests.m in Sources */,
			);
			runOnlyForDeploymentPostprocessing = 0;
		};
		F21234721EF224130044918A /* Sources */ = {
			isa = PBXSourcesBuildPhase;
			buildActionMask = 2147483647;
			files = (
				F212347B1EF224130044918A /* QJWeixinLoginUITests.m in Sources */,
			);
			runOnlyForDeploymentPostprocessing = 0;
		};
/* End PBXSourcesBuildPhase section */

/* Begin PBXTargetDependency section */
		F212346D1EF224130044918A /* PBXTargetDependency */ = {
			isa = PBXTargetDependency;
			target = F212344E1EF224130044918A /* QJWeixinLogin */;
			targetProxy = F212346C1EF224130044918A /* PBXContainerItemProxy */;
		};
		F21234781EF224130044918A /* PBXTargetDependency */ = {
			isa = PBXTargetDependency;
			target = F212344E1EF224130044918A /* QJWeixinLogin */;
			targetProxy = F21234771EF224130044918A /* PBXContainerItemProxy */;
		};
/* End PBXTargetDependency section */

/* Begin PBXVariantGroup section */
		F212345B1EF224130044918A /* Main.storyboard */ = {
			isa = PBXVariantGroup;
			children = (
				F212345C1EF224130044918A /* Base */,
			);
			name = Main.storyboard;
			sourceTree = "<group>";
		};
		F21234631EF224130044918A /* LaunchScreen.storyboard */ = {
			isa = PBXVariantGroup;
			children = (
				F21234641EF224130044918A /* Base */,
			);
			name = LaunchScreen.storyboard;
			sourceTree = "<group>";
		};
/* End PBXVariantGroup section */

/* Begin XCBuildConfiguration section */
		F212347D1EF224130044918A /* Debug */ = {
			isa = XCBuildConfiguration;
			buildSettings = {
				ALWAYS_SEARCH_USER_PATHS = NO;
				CLANG_ANALYZER_NONNULL = YES;
				CLANG_ANALYZER_NUMBER_OBJECT_CONVERSION = YES_AGGRESSIVE;
				CLANG_CXX_LANGUAGE_STANDARD = "gnu++0x";
				CLANG_CXX_LIBRARY = "libc++";
				CLANG_ENABLE_MODULES = YES;
				CLANG_ENABLE_OBJC_ARC = YES;
				CLANG_WARN_BOOL_CONVERSION = YES;
				CLANG_WARN_CONSTANT_CONVERSION = YES;
				CLANG_WARN_DIRECT_OBJC_ISA_USAGE = YES_ERROR;
				CLANG_WARN_DOCUMENTATION_COMMENTS = YES;
				CLANG_WARN_EMPTY_BODY = YES;
				CLANG_WARN_ENUM_CONVERSION = YES;
				CLANG_WARN_INFINITE_RECURSION = YES;
				CLANG_WARN_INT_CONVERSION = YES;
				CLANG_WARN_OBJC_ROOT_CLASS = YES_ERROR;
				CLANG_WARN_SUSPICIOUS_MOVE = YES;
				CLANG_WARN_UNREACHABLE_CODE = YES;
				CLANG_WARN__DUPLICATE_METHOD_MATCH = YES;
				"CODE_SIGN_IDENTITY[sdk=iphoneos*]" = "iPhone Developer";
				COPY_PHASE_STRIP = NO;
				DEBUG_INFORMATION_FORMAT = dwarf;
				ENABLE_STRICT_OBJC_MSGSEND = YES;
				ENABLE_TESTABILITY = YES;
				GCC_C_LANGUAGE_STANDARD = gnu99;
				GCC_DYNAMIC_NO_PIC = NO;
				GCC_NO_COMMON_BLOCKS = YES;
				GCC_OPTIMIZATION_LEVEL = 0;
				GCC_PREPROCESSOR_DEFINITIONS = (
					"DEBUG=1",
					"$(inherited)",
				);
				GCC_WARN_64_TO_32_BIT_CONVERSION = YES;
				GCC_WARN_ABOUT_RETURN_TYPE = YES_ERROR;
				GCC_WARN_UNDECLARED_SELECTOR = YES;
				GCC_WARN_UNINITIALIZED_AUTOS = YES_AGGRESSIVE;
				GCC_WARN_UNUSED_FUNCTION = YES;
				GCC_WARN_UNUSED_VARIABLE = YES;
				IPHONEOS_DEPLOYMENT_TARGET = 10.3;
				MTL_ENABLE_DEBUG_INFO = YES;
				ONLY_ACTIVE_ARCH = YES;
				SDKROOT = iphoneos;
			};
			name = Debug;
		};
		F212347E1EF224130044918A /* Release */ = {
			isa = XCBuildConfiguration;
			buildSettings = {
				ALWAYS_SEARCH_USER_PATHS = NO;
				CLANG_ANALYZER_NONNULL = YES;
				CLANG_ANALYZER_NUMBER_OBJECT_CONVERSION = YES_AGGRESSIVE;
				CLANG_CXX_LANGUAGE_STANDARD = "gnu++0x";
				CLANG_CXX_LIBRARY = "libc++";
				CLANG_ENABLE_MODULES = YES;
				CLANG_ENABLE_OBJC_ARC = YES;
				CLANG_WARN_BOOL_CONVERSION = YES;
				CLANG_WARN_CONSTANT_CONVERSION = YES;
				CLANG_WARN_DIRECT_OBJC_ISA_USAGE = YES_ERROR;
				CLANG_WARN_DOCUMENTATION_COMMENTS = YES;
				CLANG_WARN_EMPTY_BODY = YES;
				CLANG_WARN_ENUM_CONVERSION = YES;
				CLANG_WARN_INFINITE_RECURSION = YES;
				CLANG_WARN_INT_CONVERSION = YES;
				CLANG_WARN_OBJC_ROOT_CLASS = YES_ERROR;
				CLANG_WARN_SUSPICIOUS_MOVE = YES;
				CLANG_WARN_UNREACHABLE_CODE = YES;
				CLANG_WARN__DUPLICATE_METHOD_MATCH = YES;
				"CODE_SIGN_IDENTITY[sdk=iphoneos*]" = "iPhone Developer";
				COPY_PHASE_STRIP = NO;
				DEBUG_INFORMATION_FORMAT = "dwarf-with-dsym";
				ENABLE_NS_ASSERTIONS = NO;
				ENABLE_STRICT_OBJC_MSGSEND = YES;
				GCC_C_LANGUAGE_STANDARD = gnu99;
				GCC_NO_COMMON_BLOCKS = YES;
				GCC_WARN_64_TO_32_BIT_CONVERSION = YES;
				GCC_WARN_ABOUT_RETURN_TYPE = YES_ERROR;
				GCC_WARN_UNDECLARED_SELECTOR = YES;
				GCC_WARN_UNINITIALIZED_AUTOS = YES_AGGRESSIVE;
				GCC_WARN_UNUSED_FUNCTION = YES;
				GCC_WARN_UNUSED_VARIABLE = YES;
				IPHONEOS_DEPLOYMENT_TARGET = 10.3;
				MTL_ENABLE_DEBUG_INFO = NO;
				SDKROOT = iphoneos;
				VALIDATE_PRODUCT = YES;
			};
			name = Release;
		};
		F21234801EF224130044918A /* Debug */ = {
			isa = XCBuildConfiguration;
			buildSettings = {
				ASSETCATALOG_COMPILER_APPICON_NAME = AppIcon;
				"CODE_SIGN_IDENTITY[sdk=iphoneos*]" = "iPhone Developer";
				DEVELOPMENT_TEAM = G2CVDA5594;
				FRAMEWORK_SEARCH_PATHS = (
					"$(inherited)",
					"$(PROJECT_DIR)/QJWeixinLogin/UMSocial/SocialLibraries/QQ",
					"$(PROJECT_DIR)/QJWeixinLogin/UMSocial/UMSocialSDK",
					"$(PROJECT_DIR)/QJWeixinLogin/UMSocial/UMSocialUI",
				);
				INFOPLIST_FILE = QJWeixinLogin/Info.plist;
				LD_RUNPATH_SEARCH_PATHS = "$(inherited) @executable_path/Frameworks";
				LIBRARY_SEARCH_PATHS = (
					"$(inherited)",
					"$(PROJECT_DIR)/QJWeixinLogin/UMSocial/SocialLibraries/Douban",
					"$(PROJECT_DIR)/QJWeixinLogin/UMSocial/SocialLibraries/QQ",
					"$(PROJECT_DIR)/QJWeixinLogin/UMSocial/SocialLibraries/Renren",
					"$(PROJECT_DIR)/QJWeixinLogin/UMSocial/SocialLibraries/Sina",
					"$(PROJECT_DIR)/QJWeixinLogin/UMSocial/SocialLibraries/WeChat",
				);
				OTHER_LDFLAGS = "-ObjC";
				PRODUCT_BUNDLE_IDENTIFIER = com.lawplus.app;
				PRODUCT_NAME = "$(TARGET_NAME)";
				PROVISIONING_PROFILE = "735058a0-7a99-404b-8cc1-ab1ac20ea68e";
				PROVISIONING_PROFILE_SPECIFIER = "development：com.lawplus.app";
			};
			name = Debug;
		};
		F21234811EF224130044918A /* Release */ = {
			isa = XCBuildConfiguration;
			buildSettings = {
				ASSETCATALOG_COMPILER_APPICON_NAME = AppIcon;
				"CODE_SIGN_IDENTITY[sdk=iphoneos*]" = "iPhone Developer";
				DEVELOPMENT_TEAM = G2CVDA5594;
				FRAMEWORK_SEARCH_PATHS = (
					"$(inherited)",
					"$(PROJECT_DIR)/QJWeixinLogin/UMSocial/SocialLibraries/QQ",
					"$(PROJECT_DIR)/QJWeixinLogin/UMSocial/UMSocialSDK",
					"$(PROJECT_DIR)/QJWeixinLogin/UMSocial/UMSocialUI",
				);
				INFOPLIST_FILE = QJWeixinLogin/Info.plist;
				LD_RUNPATH_SEARCH_PATHS = "$(inherited) @executable_path/Frameworks";
				LIBRARY_SEARCH_PATHS = (
					"$(inherited)",
					"$(PROJECT_DIR)/QJWeixinLogin/UMSocial/SocialLibraries/Douban",
					"$(PROJECT_DIR)/QJWeixinLogin/UMSocial/SocialLibraries/QQ",
					"$(PROJECT_DIR)/QJWeixinLogin/UMSocial/SocialLibraries/Renren",
					"$(PROJECT_DIR)/QJWeixinLogin/UMSocial/SocialLibraries/Sina",
					"$(PROJECT_DIR)/QJWeixinLogin/UMSocial/SocialLibraries/WeChat",
				);
				PRODUCT_BUNDLE_IDENTIFIER = com.lawplus.app;
				PRODUCT_NAME = "$(TARGET_NAME)";
				PROVISIONING_PROFILE = "735058a0-7a99-404b-8cc1-ab1ac20ea68e";
				PROVISIONING_PROFILE_SPECIFIER = "development：com.lawplus.app";
			};
			name = Release;
		};
		F21234831EF224130044918A /* Debug */ = {
			isa = XCBuildConfiguration;
			buildSettings = {
				BUNDLE_LOADER = "$(TEST_HOST)";
				DEVELOPMENT_TEAM = 5XP7V8XFSX;
				INFOPLIST_FILE = QJWeixinLoginTests/Info.plist;
				LD_RUNPATH_SEARCH_PATHS = "$(inherited) @executable_path/Frameworks @loader_path/Frameworks";
				PRODUCT_BUNDLE_IDENTIFIER = com.yiniu.QJWeixinLoginTests;
				PRODUCT_NAME = "$(TARGET_NAME)";
				TEST_HOST = "$(BUILT_PRODUCTS_DIR)/QJWeixinLogin.app/QJWeixinLogin";
			};
			name = Debug;
		};
		F21234841EF224130044918A /* Release */ = {
			isa = XCBuildConfiguration;
			buildSettings = {
				BUNDLE_LOADER = "$(TEST_HOST)";
				DEVELOPMENT_TEAM = 5XP7V8XFSX;
				INFOPLIST_FILE = QJWeixinLoginTests/Info.plist;
				LD_RUNPATH_SEARCH_PATHS = "$(inherited) @executable_path/Frameworks @loader_path/Frameworks";
				PRODUCT_BUNDLE_IDENTIFIER = com.yiniu.QJWeixinLoginTests;
				PRODUCT_NAME = "$(TARGET_NAME)";
				TEST_HOST = "$(BUILT_PRODUCTS_DIR)/QJWeixinLogin.app/QJWeixinLogin";
			};
			name = Release;
		};
		F21234861EF224130044918A /* Debug */ = {
			isa = XCBuildConfiguration;
			buildSettings = {
				DEVELOPMENT_TEAM = 5XP7V8XFSX;
				INFOPLIST_FILE = QJWeixinLoginUITests/Info.plist;
				LD_RUNPATH_SEARCH_PATHS = "$(inherited) @executable_path/Frameworks @loader_path/Frameworks";
				PRODUCT_BUNDLE_IDENTIFIER = com.yiniu.QJWeixinLoginUITests;
				PRODUCT_NAME = "$(TARGET_NAME)";
				TEST_TARGET_NAME = QJWeixinLogin;
			};
			name = Debug;
		};
		F21234871EF224130044918A /* Release */ = {
			isa = XCBuildConfiguration;
			buildSettings = {
				DEVELOPMENT_TEAM = 5XP7V8XFSX;
				INFOPLIST_FILE = QJWeixinLoginUITests/Info.plist;
				LD_RUNPATH_SEARCH_PATHS = "$(inherited) @executable_path/Frameworks @loader_path/Frameworks";
				PRODUCT_BUNDLE_IDENTIFIER = com.yiniu.QJWeixinLoginUITests;
				PRODUCT_NAME = "$(TARGET_NAME)";
				TEST_TARGET_NAME = QJWeixinLogin;
			};
			name = Release;
		};
/* End XCBuildConfiguration section */

/* Begin XCConfigurationList section */
		F212344A1EF224130044918A /* Build configuration list for PBXProject "QJWeixinLogin" */ = {
			isa = XCConfigurationList;
			buildConfigurations = (
				F212347D1EF224130044918A /* Debug */,
				F212347E1EF224130044918A /* Release */,
			);
			defaultConfigurationIsVisible = 0;
			defaultConfigurationName = Release;
		};
		F212347F1EF224130044918A /* Build configuration list for PBXNativeTarget "QJWeixinLogin" */ = {
			isa = XCConfigurationList;
			buildConfigurations = (
				F21234801EF224130044918A /* Debug */,
				F21234811EF224130044918A /* Release */,
			);
			defaultConfigurationIsVisible = 0;
			defaultConfigurationName = Release;
		};
		F21234821EF224130044918A /* Build configuration list for PBXNativeTarget "QJWeixinLoginTests" */ = {
			isa = XCConfigurationList;
			buildConfigurations = (
				F21234831EF224130044918A /* Debug */,
				F21234841EF224130044918A /* Release */,
			);
			defaultConfigurationIsVisible = 0;
			defaultConfigurationName = Release;
		};
		F21234851EF224130044918A /* Build configuration list for PBXNativeTarget "QJWeixinLoginUITests" */ = {
			isa = XCConfigurationList;
			buildConfigurations = (
				F21234861EF224130044918A /* Debug */,
				F21234871EF224130044918A /* Release */,
			);
			defaultConfigurationIsVisible = 0;
			defaultConfigurationName = Release;
		};
/* End XCConfigurationList section */

/* Begin XCVersionGroup section */
		F212345E1EF224130044918A /* QJWeixinLogin.xcdatamodeld */ = {
			isa = XCVersionGroup;
			children = (
				F212345F1EF224130044918A /* QJWeixinLogin.xcdatamodel */,
			);
			currentVersion = F212345F1EF224130044918A /* QJWeixinLogin.xcdatamodel */;
			path = QJWeixinLogin.xcdatamodeld;
			sourceTree = "<group>";
			versionGroupType = wrapper.xcdatamodel;
		};
/* End XCVersionGroup section */
	};
	rootObject = F21234471EF224130044918A /* Project object */;
}
